<?xml version="1.0" encoding="utf-8"?>
<Project ToolsVersion="4.0" xmlns="http://schemas.microsoft.com/developer/msbuild/2003">
  <ItemGroup>
    <ClCompile Include="Core_PCH.cpp" />
    <ClCompile Include="Bot.cpp" />
    <ClCompile Include="BotImpl.cpp" />
    <ClCompile Include="CommandHelper.cpp" />
    <ClCompile Include="StrategyHelper.cpp" />
    <ClCompile Include="Map.cpp" />
    <ClCompile Include="ShadowManager.cpp" />
  </ItemGroup>
  <ItemGroup>
    <ClInclude Include="Core_PCH.h" />
    <ClInclude Include="InputData.h">
      <Filter>Data</Filter>
    </ClInclude>
    <ClInclude Include="OutputData.h">
      <Filter>Data</Filter>
    </ClInclude>
    <ClInclude Include="Command.h">
      <Filter>Data</Filter>
    </ClInclude>
    <ClInclude Include="GameConfig.h">
      <Filter>Data</Filter>
    </ClInclude>
    <ClInclude Include="Bot.h" />
    <ClInclude Include="BotImpl.h" />
    <ClInclude Include="CommandHelper.h" />
    <ClInclude Include="Strategy.h">
      <Filter>Data\Bot</Filter>
    </ClInclude>
    <ClInclude Include="CellEntity.h">
      <Filter>Data\Bot</Filter>
    </ClInclude>
    <ClInclude Include="TreeEntity.h">
      <Filter>Data\Bot</Filter>
    </ClInclude>
    <ClInclude Include="StrategyHelper.h" />
    <ClInclude Include="Direction.h">
      <Filter>Data\Bot</Filter>
    </ClInclude>
    <ClInclude Include="Map.h" />
    <ClInclude Include="ShadowManager.h" />
  </ItemGroup>
  <ItemGroup>
    <Filter Include="Data">
      <UniqueIdentifier>{a71a24e1-6758-472c-b053-d56ed1a23693}</UniqueIdentifier>
    </Filter>
    <Filter Include="Data\Bot">
      <UniqueIdentifier>{f22e8151-261c-484f-8e89-70249ee9d22d}</UniqueIdentifier>
    </Filter>
  </ItemGroup>
</Project>